
Microsoft Visual Studio Solution File, Format Version 12.00
# Visual Studio 2013
VisualStudioVersion = 12.0.31101.0
MinimumVisualStudioVersion = 10.0.40219.1
Project("{FAE04EC0-301F-11D3-BF4B-00C04F79EFBC}") = "01.AllocateArrays", "01.AllocateArrays\01.AllocateArrays.csproj", "{A715D15D-62F6-4AE2-B7A7-B5050FAF9A9F}"
EndProject
Project("{FAE04EC0-301F-11D3-BF4B-00C04F79EFBC}") = "02.CompareArrays", "02.CompareArrays\02.CompareArrays.csproj", "{6A3FDB7C-9320-4CAE-8711-A5A36A6E4A04}"
EndProject
Project("{FAE04EC0-301F-11D3-BF4B-00C04F79EFBC}") = "03.CompareCharArrays", "03.CompareCharArrays\03.CompareCharArrays.csproj", "{3DC912BC-B393-49AD-8375-81867DB6910E}"
EndProject
Project("{FAE04EC0-301F-11D3-BF4B-00C04F79EFBC}") = "04.MaximalSequence", "4.MaximalSequence\04.MaximalSequence.csproj", "{2FA80643-6B26-4E23-A38E-F85897BF996C}"
EndProject
Project("{FAE04EC0-301F-11D3-BF4B-00C04F79EFBC}") = "05.MaximalIncreasingSequence", "05.MaximalIncreasingSequence\05.MaximalIncreasingSequence.csproj", "{519B2496-64DF-44CA-B130-9BB578B144A7}"
EndProject
Project("{FAE04EC0-301F-11D3-BF4B-00C04F79EFBC}") = "06.MaximalKSum", "06.MaximalKSum\06.MaximalKSum.csproj", "{0C835571-0CDB-4426-BB9D-94A3FA5D881D}"
EndProject
Project("{FAE04EC0-301F-11D3-BF4B-00C04F79EFBC}") = "07.SelectionSort", "07.SelectionSort\07.SelectionSort.csproj", "{34D65831-286C-4246-9A6B-CF1883528BB5}"
EndProject
Project("{FAE04EC0-301F-11D3-BF4B-00C04F79EFBC}") = "08.MaximalSum", "08.MaximalSum\08.MaximalSum.csproj", "{914E0D95-0AC4-46D7-937D-0193947D760E}"
EndProject
Project("{FAE04EC0-301F-11D3-BF4B-00C04F79EFBC}") = "09.FrequentNumber", "09.FrequentNumber\09.FrequentNumber.csproj", "{6E52AF6B-E625-4837-A121-6DFEF0F90AEE}"
EndProject
Project("{FAE04EC0-301F-11D3-BF4B-00C04F79EFBC}") = "10.FindSumInArray", "10.FindSumInArray\10.FindSumInArray.csproj", "{6BAAE4AF-18E4-473C-A3DA-4F10B22C2405}"
EndProject
Project("{FAE04EC0-301F-11D3-BF4B-00C04F79EFBC}") = "12.IndexOfLetters", "12.IndexOfLetters\12.IndexOfLetters.csproj", "{AD994D51-518C-439A-9B54-02F64079B3A3}"
EndProject
Project("{FAE04EC0-301F-11D3-BF4B-00C04F79EFBC}") = "11.BinarySearch", "---11.BinarySearch\11.BinarySearch.csproj", "{A14AB4F7-0CB8-436A-AA24-2AEF9B2FB798}"
EndProject
Project("{FAE04EC0-301F-11D3-BF4B-00C04F79EFBC}") = "13.STAR.MergeSort", "---13.STAR.MergeSort\13.STAR.MergeSort.csproj", "{DDE14743-8B2B-42FB-B538-0CE7C05E774E}"
EndProject
Project("{FAE04EC0-301F-11D3-BF4B-00C04F79EFBC}") = "14.QuickSort", "14.QuickSort\14.QuickSort.csproj", "{F5735E2B-9A2C-4DC8-B693-097D5678C879}"
EndProject
Project("{FAE04EC0-301F-11D3-BF4B-00C04F79EFBC}") = "20.VariationsOfSet", "20.VariationsOfSet\20.VariationsOfSet.csproj", "{612E691E-E858-4A1F-BBF1-FE3719AC7F1C}"
EndProject
Project("{FAE04EC0-301F-11D3-BF4B-00C04F79EFBC}") = "15.PrimeNumbers", "15.PrimeNumbers\15.PrimeNumbers.csproj", "{3041D963-4539-41E1-ACC9-CEB977F1AD69}"
EndProject
Project("{FAE04EC0-301F-11D3-BF4B-00C04F79EFBC}") = "16.SubsetWithSumS", "16.SubsetWithSumS\16.SubsetWithSumS.csproj", "{EA166C17-4C8A-47C5-B4AD-5E5F3902A810}"
EndProject
Project("{FAE04EC0-301F-11D3-BF4B-00C04F79EFBC}") = "17.SubsetKWithSumS", "17.SubsetKWithSumS\17.SubsetKWithSumS.csproj", "{046884D0-7D2E-4D58-9D7D-2604DB9A92B4}"
EndProject
Project("{FAE04EC0-301F-11D3-BF4B-00C04F79EFBC}") = "18.RemoveElementsFromArray", "18.RemoveElementsFromArray\18.RemoveElementsFromArray.csproj", "{FE676592-B26C-4BB9-8E48-8FA189F19AAA}"
EndProject
Project("{FAE04EC0-301F-11D3-BF4B-00C04F79EFBC}") = "19.PermutationsOfSet", "19.PermutationsOfSet\19.PermutationsOfSet.csproj", "{5F10EB25-8BF1-44E2-83D9-440DC2827956}"
EndProject
Project("{FAE04EC0-301F-11D3-BF4B-00C04F79EFBC}") = "21.CombinationOfSet", "21.CombinationOfSet\21.CombinationOfSet.csproj", "{5ED369C6-C784-4250-B59A-4DC85F1F0035}"
EndProject
Global
	GlobalSection(SolutionConfigurationPlatforms) = preSolution
		Debug|Any CPU = Debug|Any CPU
		Release|Any CPU = Release|Any CPU
	EndGlobalSection
	GlobalSection(ProjectConfigurationPlatforms) = postSolution
		{A715D15D-62F6-4AE2-B7A7-B5050FAF9A9F}.Debug|Any CPU.ActiveCfg = Debug|Any CPU
		{A715D15D-62F6-4AE2-B7A7-B5050FAF9A9F}.Debug|Any CPU.Build.0 = Debug|Any CPU
		{A715D15D-62F6-4AE2-B7A7-B5050FAF9A9F}.Release|Any CPU.ActiveCfg = Release|Any CPU
		{A715D15D-62F6-4AE2-B7A7-B5050FAF9A9F}.Release|Any CPU.Build.0 = Release|Any CPU
		{6A3FDB7C-9320-4CAE-8711-A5A36A6E4A04}.Debug|Any CPU.ActiveCfg = Debug|Any CPU
		{6A3FDB7C-9320-4CAE-8711-A5A36A6E4A04}.Debug|Any CPU.Build.0 = Debug|Any CPU
		{6A3FDB7C-9320-4CAE-8711-A5A36A6E4A04}.Release|Any CPU.ActiveCfg = Release|Any CPU
		{6A3FDB7C-9320-4CAE-8711-A5A36A6E4A04}.Release|Any CPU.Build.0 = Release|Any CPU
		{3DC912BC-B393-49AD-8375-81867DB6910E}.Debug|Any CPU.ActiveCfg = Debug|Any CPU
		{3DC912BC-B393-49AD-8375-81867DB6910E}.Debug|Any CPU.Build.0 = Debug|Any CPU
		{3DC912BC-B393-49AD-8375-81867DB6910E}.Release|Any CPU.ActiveCfg = Release|Any CPU
		{3DC912BC-B393-49AD-8375-81867DB6910E}.Release|Any CPU.Build.0 = Release|Any CPU
		{2FA80643-6B26-4E23-A38E-F85897BF996C}.Debug|Any CPU.ActiveCfg = Debug|Any CPU
		{2FA80643-6B26-4E23-A38E-F85897BF996C}.Debug|Any CPU.Build.0 = Debug|Any CPU
		{2FA80643-6B26-4E23-A38E-F85897BF996C}.Release|Any CPU.ActiveCfg = Release|Any CPU
		{2FA80643-6B26-4E23-A38E-F85897BF996C}.Release|Any CPU.Build.0 = Release|Any CPU
		{519B2496-64DF-44CA-B130-9BB578B144A7}.Debug|Any CPU.ActiveCfg = Debug|Any CPU
		{519B2496-64DF-44CA-B130-9BB578B144A7}.Debug|Any CPU.Build.0 = Debug|Any CPU
		{519B2496-64DF-44CA-B130-9BB578B144A7}.Release|Any CPU.ActiveCfg = Release|Any CPU
		{519B2496-64DF-44CA-B130-9BB578B144A7}.Release|Any CPU.Build.0 = Release|Any CPU
		{0C835571-0CDB-4426-BB9D-94A3FA5D881D}.Debug|Any CPU.ActiveCfg = Debug|Any CPU
		{0C835571-0CDB-4426-BB9D-94A3FA5D881D}.Debug|Any CPU.Build.0 = Debug|Any CPU
		{0C835571-0CDB-4426-BB9D-94A3FA5D881D}.Release|Any CPU.ActiveCfg = Release|Any CPU
		{0C835571-0CDB-4426-BB9D-94A3FA5D881D}.Release|Any CPU.Build.0 = Release|Any CPU
		{34D65831-286C-4246-9A6B-CF1883528BB5}.Debug|Any CPU.ActiveCfg = Debug|Any CPU
		{34D65831-286C-4246-9A6B-CF1883528BB5}.Debug|Any CPU.Build.0 = Debug|Any CPU
		{34D65831-286C-4246-9A6B-CF1883528BB5}.Release|Any CPU.ActiveCfg = Release|Any CPU
		{34D65831-286C-4246-9A6B-CF1883528BB5}.Release|Any CPU.Build.0 = Release|Any CPU
		{914E0D95-0AC4-46D7-937D-0193947D760E}.Debug|Any CPU.ActiveCfg = Debug|Any CPU
		{914E0D95-0AC4-46D7-937D-0193947D760E}.Debug|Any CPU.Build.0 = Debug|Any CPU
		{914E0D95-0AC4-46D7-937D-0193947D760E}.Release|Any CPU.ActiveCfg = Release|Any CPU
		{914E0D95-0AC4-46D7-937D-0193947D760E}.Release|Any CPU.Build.0 = Release|Any CPU
		{6E52AF6B-E625-4837-A121-6DFEF0F90AEE}.Debug|Any CPU.ActiveCfg = Debug|Any CPU
		{6E52AF6B-E625-4837-A121-6DFEF0F90AEE}.Debug|Any CPU.Build.0 = Debug|Any CPU
		{6E52AF6B-E625-4837-A121-6DFEF0F90AEE}.Release|Any CPU.ActiveCfg = Release|Any CPU
		{6E52AF6B-E625-4837-A121-6DFEF0F90AEE}.Release|Any CPU.Build.0 = Release|Any CPU
		{6BAAE4AF-18E4-473C-A3DA-4F10B22C2405}.Debug|Any CPU.ActiveCfg = Debug|Any CPU
		{6BAAE4AF-18E4-473C-A3DA-4F10B22C2405}.Debug|Any CPU.Build.0 = Debug|Any CPU
		{6BAAE4AF-18E4-473C-A3DA-4F10B22C2405}.Release|Any CPU.ActiveCfg = Release|Any CPU
		{6BAAE4AF-18E4-473C-A3DA-4F10B22C2405}.Release|Any CPU.Build.0 = Release|Any CPU
		{AD994D51-518C-439A-9B54-02F64079B3A3}.Debug|Any CPU.ActiveCfg = Debug|Any CPU
		{AD994D51-518C-439A-9B54-02F64079B3A3}.Debug|Any CPU.Build.0 = Debug|Any CPU
		{AD994D51-518C-439A-9B54-02F64079B3A3}.Release|Any CPU.ActiveCfg = Release|Any CPU
		{AD994D51-518C-439A-9B54-02F64079B3A3}.Release|Any CPU.Build.0 = Release|Any CPU
		{A14AB4F7-0CB8-436A-AA24-2AEF9B2FB798}.Debug|Any CPU.ActiveCfg = Debug|Any CPU
		{A14AB4F7-0CB8-436A-AA24-2AEF9B2FB798}.Debug|Any CPU.Build.0 = Debug|Any CPU
		{A14AB4F7-0CB8-436A-AA24-2AEF9B2FB798}.Release|Any CPU.ActiveCfg = Release|Any CPU
		{A14AB4F7-0CB8-436A-AA24-2AEF9B2FB798}.Release|Any CPU.Build.0 = Release|Any CPU
		{DDE14743-8B2B-42FB-B538-0CE7C05E774E}.Debug|Any CPU.ActiveCfg = Debug|Any CPU
		{DDE14743-8B2B-42FB-B538-0CE7C05E774E}.Debug|Any CPU.Build.0 = Debug|Any CPU
		{DDE14743-8B2B-42FB-B538-0CE7C05E774E}.Release|Any CPU.ActiveCfg = Release|Any CPU
		{DDE14743-8B2B-42FB-B538-0CE7C05E774E}.Release|Any CPU.Build.0 = Release|Any CPU
		{F5735E2B-9A2C-4DC8-B693-097D5678C879}.Debug|Any CPU.ActiveCfg = Debug|Any CPU
		{F5735E2B-9A2C-4DC8-B693-097D5678C879}.Debug|Any CPU.Build.0 = Debug|Any CPU
		{F5735E2B-9A2C-4DC8-B693-097D5678C879}.Release|Any CPU.ActiveCfg = Release|Any CPU
		{F5735E2B-9A2C-4DC8-B693-097D5678C879}.Release|Any CPU.Build.0 = Release|Any CPU
		{612E691E-E858-4A1F-BBF1-FE3719AC7F1C}.Debug|Any CPU.ActiveCfg = Debug|Any CPU
		{612E691E-E858-4A1F-BBF1-FE3719AC7F1C}.Debug|Any CPU.Build.0 = Debug|Any CPU
		{612E691E-E858-4A1F-BBF1-FE3719AC7F1C}.Release|Any CPU.ActiveCfg = Release|Any CPU
		{612E691E-E858-4A1F-BBF1-FE3719AC7F1C}.Release|Any CPU.Build.0 = Release|Any CPU
		{3041D963-4539-41E1-ACC9-CEB977F1AD69}.Debug|Any CPU.ActiveCfg = Debug|Any CPU
		{3041D963-4539-41E1-ACC9-CEB977F1AD69}.Debug|Any CPU.Build.0 = Debug|Any CPU
		{3041D963-4539-41E1-ACC9-CEB977F1AD69}.Release|Any CPU.ActiveCfg = Release|Any CPU
		{3041D963-4539-41E1-ACC9-CEB977F1AD69}.Release|Any CPU.Build.0 = Release|Any CPU
		{EA166C17-4C8A-47C5-B4AD-5E5F3902A810}.Debug|Any CPU.ActiveCfg = Debug|Any CPU
		{EA166C17-4C8A-47C5-B4AD-5E5F3902A810}.Debug|Any CPU.Build.0 = Debug|Any CPU
		{EA166C17-4C8A-47C5-B4AD-5E5F3902A810}.Release|Any CPU.ActiveCfg = Release|Any CPU
		{EA166C17-4C8A-47C5-B4AD-5E5F3902A810}.Release|Any CPU.Build.0 = Release|Any CPU
		{046884D0-7D2E-4D58-9D7D-2604DB9A92B4}.Debug|Any CPU.ActiveCfg = Debug|Any CPU
		{046884D0-7D2E-4D58-9D7D-2604DB9A92B4}.Debug|Any CPU.Build.0 = Debug|Any CPU
		{046884D0-7D2E-4D58-9D7D-2604DB9A92B4}.Release|Any CPU.ActiveCfg = Release|Any CPU
		{046884D0-7D2E-4D58-9D7D-2604DB9A92B4}.Release|Any CPU.Build.0 = Release|Any CPU
		{FE676592-B26C-4BB9-8E48-8FA189F19AAA}.Debug|Any CPU.ActiveCfg = Debug|Any CPU
		{FE676592-B26C-4BB9-8E48-8FA189F19AAA}.Debug|Any CPU.Build.0 = Debug|Any CPU
		{FE676592-B26C-4BB9-8E48-8FA189F19AAA}.Release|Any CPU.ActiveCfg = Release|Any CPU
		{FE676592-B26C-4BB9-8E48-8FA189F19AAA}.Release|Any CPU.Build.0 = Release|Any CPU
		{5F10EB25-8BF1-44E2-83D9-440DC2827956}.Debug|Any CPU.ActiveCfg = Debug|Any CPU
		{5F10EB25-8BF1-44E2-83D9-440DC2827956}.Debug|Any CPU.Build.0 = Debug|Any CPU
		{5F10EB25-8BF1-44E2-83D9-440DC2827956}.Release|Any CPU.ActiveCfg = Release|Any CPU
		{5F10EB25-8BF1-44E2-83D9-440DC2827956}.Release|Any CPU.Build.0 = Release|Any CPU
		{5ED369C6-C784-4250-B59A-4DC85F1F0035}.Debug|Any CPU.ActiveCfg = Debug|Any CPU
		{5ED369C6-C784-4250-B59A-4DC85F1F0035}.Debug|Any CPU.Build.0 = Debug|Any CPU
		{5ED369C6-C784-4250-B59A-4DC85F1F0035}.Release|Any CPU.ActiveCfg = Release|Any CPU
		{5ED369C6-C784-4250-B59A-4DC85F1F0035}.Release|Any CPU.Build.0 = Release|Any CPU
	EndGlobalSection
	GlobalSection(SolutionProperties) = preSolution
		HideSolutionNode = FALSE
	EndGlobalSection
EndGlobal
