
Microsoft Visual Studio Solution File, Format Version 12.00
# Visual Studio 2013
VisualStudioVersion = 12.0.31101.0
MinimumVisualStudioVersion = 10.0.40219.1
Project("{FAE04EC0-301F-11D3-BF4B-00C04F79EFBC}") = "01.SayHello", "01.SayHello\01.SayHello.csproj", "{D2772749-EBCF-4832-BC8F-BD153F63762E}"
EndProject
Project("{FAE04EC0-301F-11D3-BF4B-00C04F79EFBC}") = "02.GetLargestNumber", "02.GetLargestNumber\02.GetLargestNumber.csproj", "{0FBADB5C-9C13-466D-A19E-BF0E8D129EBD}"
EndProject
Project("{FAE04EC0-301F-11D3-BF4B-00C04F79EFBC}") = "03.EnglishDigit", "03.EnglishDigit\03.EnglishDigit.csproj", "{F27C3329-F364-40F9-A71C-E46C41C01701}"
EndProject
Project("{FAE04EC0-301F-11D3-BF4B-00C04F79EFBC}") = "04.AppearanceCount", "04.AppearanceCount\04.AppearanceCount.csproj", "{D1C52C3F-2C9B-4E13-9D4B-AB71BBE2D0AD}"
EndProject
Project("{FAE04EC0-301F-11D3-BF4B-00C04F79EFBC}") = "05.LargerThanNeighbours", "05.LargerThanNeighbours\05.LargerThanNeighbours.csproj", "{5D2CC3BA-CD48-4D0C-B150-1C47BE808D64}"
EndProject
Project("{FAE04EC0-301F-11D3-BF4B-00C04F79EFBC}") = "06.FirstLargerThanNeighbours", "06.FirstLargerThanNeighbours\06.FirstLargerThanNeighbours.csproj", "{2E727869-AF23-4E24-8D46-F93BF9BF44FB}"
EndProject
Project("{FAE04EC0-301F-11D3-BF4B-00C04F79EFBC}") = "07.ReverseNumber", "07.ReverseNumber\07.ReverseNumber.csproj", "{95775C80-3E57-402F-881A-EDB1D06B575B}"
EndProject
Project("{FAE04EC0-301F-11D3-BF4B-00C04F79EFBC}") = "10.NFactorial", "10.NFactorial\10.NFactorial.csproj", "{2885C616-1568-46D7-9B39-50FAC1E1921D}"
EndProject
Project("{FAE04EC0-301F-11D3-BF4B-00C04F79EFBC}") = "13.SolveTasks", "13.SolveTasks\13.SolveTasks.csproj", "{438E2588-362E-4AD6-8724-586F503AA102}"
EndProject
Project("{FAE04EC0-301F-11D3-BF4B-00C04F79EFBC}") = "14.IntegerCalculations", "14.IntegerCalculations\14.IntegerCalculations.csproj", "{B63EAEE1-7AA4-471C-BF23-CA1B4EA44CDE}"
EndProject
Project("{FAE04EC0-301F-11D3-BF4B-00C04F79EFBC}") = "08.NumberAsArray", "08.NumberAsArray\08.NumberAsArray.csproj", "{333A40BD-F2FB-4C3C-AB2D-BC56A0DBD7B3}"
EndProject
Project("{FAE04EC0-301F-11D3-BF4B-00C04F79EFBC}") = "09.SortingArray", "09.SortingArray\09.SortingArray.csproj", "{21F06221-DB23-47EF-BAC0-3E78D4ED6AB6}"
EndProject
Project("{FAE04EC0-301F-11D3-BF4B-00C04F79EFBC}") = "15.NumberCalculations", "15.NumberCalculations\15.NumberCalculations.csproj", "{67C7387E-64B4-46D2-B534-17E873AC6CC0}"
EndProject
Global
	GlobalSection(SolutionConfigurationPlatforms) = preSolution
		Debug|Any CPU = Debug|Any CPU
		Release|Any CPU = Release|Any CPU
	EndGlobalSection
	GlobalSection(ProjectConfigurationPlatforms) = postSolution
		{D2772749-EBCF-4832-BC8F-BD153F63762E}.Debug|Any CPU.ActiveCfg = Debug|Any CPU
		{D2772749-EBCF-4832-BC8F-BD153F63762E}.Debug|Any CPU.Build.0 = Debug|Any CPU
		{D2772749-EBCF-4832-BC8F-BD153F63762E}.Release|Any CPU.ActiveCfg = Release|Any CPU
		{D2772749-EBCF-4832-BC8F-BD153F63762E}.Release|Any CPU.Build.0 = Release|Any CPU
		{0FBADB5C-9C13-466D-A19E-BF0E8D129EBD}.Debug|Any CPU.ActiveCfg = Debug|Any CPU
		{0FBADB5C-9C13-466D-A19E-BF0E8D129EBD}.Debug|Any CPU.Build.0 = Debug|Any CPU
		{0FBADB5C-9C13-466D-A19E-BF0E8D129EBD}.Release|Any CPU.ActiveCfg = Release|Any CPU
		{0FBADB5C-9C13-466D-A19E-BF0E8D129EBD}.Release|Any CPU.Build.0 = Release|Any CPU
		{F27C3329-F364-40F9-A71C-E46C41C01701}.Debug|Any CPU.ActiveCfg = Debug|Any CPU
		{F27C3329-F364-40F9-A71C-E46C41C01701}.Debug|Any CPU.Build.0 = Debug|Any CPU
		{F27C3329-F364-40F9-A71C-E46C41C01701}.Release|Any CPU.ActiveCfg = Release|Any CPU
		{F27C3329-F364-40F9-A71C-E46C41C01701}.Release|Any CPU.Build.0 = Release|Any CPU
		{D1C52C3F-2C9B-4E13-9D4B-AB71BBE2D0AD}.Debug|Any CPU.ActiveCfg = Debug|Any CPU
		{D1C52C3F-2C9B-4E13-9D4B-AB71BBE2D0AD}.Debug|Any CPU.Build.0 = Debug|Any CPU
		{D1C52C3F-2C9B-4E13-9D4B-AB71BBE2D0AD}.Release|Any CPU.ActiveCfg = Release|Any CPU
		{D1C52C3F-2C9B-4E13-9D4B-AB71BBE2D0AD}.Release|Any CPU.Build.0 = Release|Any CPU
		{5D2CC3BA-CD48-4D0C-B150-1C47BE808D64}.Debug|Any CPU.ActiveCfg = Debug|Any CPU
		{5D2CC3BA-CD48-4D0C-B150-1C47BE808D64}.Debug|Any CPU.Build.0 = Debug|Any CPU
		{5D2CC3BA-CD48-4D0C-B150-1C47BE808D64}.Release|Any CPU.ActiveCfg = Release|Any CPU
		{5D2CC3BA-CD48-4D0C-B150-1C47BE808D64}.Release|Any CPU.Build.0 = Release|Any CPU
		{2E727869-AF23-4E24-8D46-F93BF9BF44FB}.Debug|Any CPU.ActiveCfg = Debug|Any CPU
		{2E727869-AF23-4E24-8D46-F93BF9BF44FB}.Debug|Any CPU.Build.0 = Debug|Any CPU
		{2E727869-AF23-4E24-8D46-F93BF9BF44FB}.Release|Any CPU.ActiveCfg = Release|Any CPU
		{2E727869-AF23-4E24-8D46-F93BF9BF44FB}.Release|Any CPU.Build.0 = Release|Any CPU
		{95775C80-3E57-402F-881A-EDB1D06B575B}.Debug|Any CPU.ActiveCfg = Debug|Any CPU
		{95775C80-3E57-402F-881A-EDB1D06B575B}.Debug|Any CPU.Build.0 = Debug|Any CPU
		{95775C80-3E57-402F-881A-EDB1D06B575B}.Release|Any CPU.ActiveCfg = Release|Any CPU
		{95775C80-3E57-402F-881A-EDB1D06B575B}.Release|Any CPU.Build.0 = Release|Any CPU
		{2885C616-1568-46D7-9B39-50FAC1E1921D}.Debug|Any CPU.ActiveCfg = Debug|Any CPU
		{2885C616-1568-46D7-9B39-50FAC1E1921D}.Debug|Any CPU.Build.0 = Debug|Any CPU
		{2885C616-1568-46D7-9B39-50FAC1E1921D}.Release|Any CPU.ActiveCfg = Release|Any CPU
		{2885C616-1568-46D7-9B39-50FAC1E1921D}.Release|Any CPU.Build.0 = Release|Any CPU
		{438E2588-362E-4AD6-8724-586F503AA102}.Debug|Any CPU.ActiveCfg = Debug|Any CPU
		{438E2588-362E-4AD6-8724-586F503AA102}.Debug|Any CPU.Build.0 = Debug|Any CPU
		{438E2588-362E-4AD6-8724-586F503AA102}.Release|Any CPU.ActiveCfg = Release|Any CPU
		{438E2588-362E-4AD6-8724-586F503AA102}.Release|Any CPU.Build.0 = Release|Any CPU
		{B63EAEE1-7AA4-471C-BF23-CA1B4EA44CDE}.Debug|Any CPU.ActiveCfg = Debug|Any CPU
		{B63EAEE1-7AA4-471C-BF23-CA1B4EA44CDE}.Debug|Any CPU.Build.0 = Debug|Any CPU
		{B63EAEE1-7AA4-471C-BF23-CA1B4EA44CDE}.Release|Any CPU.ActiveCfg = Release|Any CPU
		{B63EAEE1-7AA4-471C-BF23-CA1B4EA44CDE}.Release|Any CPU.Build.0 = Release|Any CPU
		{333A40BD-F2FB-4C3C-AB2D-BC56A0DBD7B3}.Debug|Any CPU.ActiveCfg = Debug|Any CPU
		{333A40BD-F2FB-4C3C-AB2D-BC56A0DBD7B3}.Debug|Any CPU.Build.0 = Debug|Any CPU
		{333A40BD-F2FB-4C3C-AB2D-BC56A0DBD7B3}.Release|Any CPU.ActiveCfg = Release|Any CPU
		{333A40BD-F2FB-4C3C-AB2D-BC56A0DBD7B3}.Release|Any CPU.Build.0 = Release|Any CPU
		{21F06221-DB23-47EF-BAC0-3E78D4ED6AB6}.Debug|Any CPU.ActiveCfg = Debug|Any CPU
		{21F06221-DB23-47EF-BAC0-3E78D4ED6AB6}.Debug|Any CPU.Build.0 = Debug|Any CPU
		{21F06221-DB23-47EF-BAC0-3E78D4ED6AB6}.Release|Any CPU.ActiveCfg = Release|Any CPU
		{21F06221-DB23-47EF-BAC0-3E78D4ED6AB6}.Release|Any CPU.Build.0 = Release|Any CPU
		{67C7387E-64B4-46D2-B534-17E873AC6CC0}.Debug|Any CPU.ActiveCfg = Debug|Any CPU
		{67C7387E-64B4-46D2-B534-17E873AC6CC0}.Debug|Any CPU.Build.0 = Debug|Any CPU
		{67C7387E-64B4-46D2-B534-17E873AC6CC0}.Release|Any CPU.ActiveCfg = Release|Any CPU
		{67C7387E-64B4-46D2-B534-17E873AC6CC0}.Release|Any CPU.Build.0 = Release|Any CPU
	EndGlobalSection
	GlobalSection(SolutionProperties) = preSolution
		HideSolutionNode = FALSE
	EndGlobalSection
EndGlobal
